
Microsoft Visual Studio Solution File, Format Version 12.00
# Visual Studio Version 17
VisualStudioVersion = 17.5.33516.290
MinimumVisualStudioVersion = 10.0.40219.1
Project("{FAE04EC0-301F-11D3-BF4B-00C04F79EFBC}") = "BlogApplication.WebAPI", "BlogWebAPI\BlogApplication.WebAPI.csproj", "{7BABB74D-67DD-4D62-8F0B-52CFDFF5D0FE}"
EndProject
Project("{FAE04EC0-301F-11D3-BF4B-00C04F79EFBC}") = "BlogApplication.Integrated.Tests", "BlogWebAPI.Tests\BlogApplication.Integrated.Tests.csproj", "{0BD610F5-9E9C-4121-9117-84CC8301DF12}"
EndProject
Project("{2150E333-8FDC-42A3-9474-1A3956D46DE8}") = "Solution Items", "Solution Items", "{429E11FE-41CB-4FAC-805E-3EEC1F7BB32E}"
	ProjectSection(SolutionItems) = preProject
		Finsolutia Exercise Review.txt = Finsolutia Exercise Review.txt
	EndProjectSection
EndProject
Project("{FAE04EC0-301F-11D3-BF4B-00C04F79EFBC}") = "BlogApplication.Platform", "LoanManagement.Platform\BlogApplication.Platform.csproj", "{8E5D0944-0364-4EA0-A39C-078EC5FEFDE4}"
EndProject
Project("{00D1A9C2-B5F0-4AF3-8072-F6C62B433612}") = "BlogApplication.Database", "BlogApplication.Database\BlogApplication.Database.sqlproj", "{B1874117-40ED-41D1-B619-0BC6308CF052}"
EndProject
Project("{FAE04EC0-301F-11D3-BF4B-00C04F79EFBC}") = "BlogApplication.DB", "BlogApplication.DB\BlogApplication.DB.csproj", "{B571C5DC-EBDA-47A2-A245-246929232950}"
EndProject
Project("{FAE04EC0-301F-11D3-BF4B-00C04F79EFBC}") = "BlogApplication.WCF", "BlogApplication.WCF\BlogApplication.WCF.csproj", "{8D45F8E2-438F-4AC8-8367-85F29FDCAE68}"
EndProject
Project("{FAE04EC0-301F-11D3-BF4B-00C04F79EFBC}") = "BlogApplication.WebSite", "BlogApplication.WebSite\BlogApplication.WebSite.csproj", "{1B2D4567-3DCE-4FFE-953F-6EA3D4A63629}"
	ProjectSection(ProjectDependencies) = postProject
		{8D45F8E2-438F-4AC8-8367-85F29FDCAE68} = {8D45F8E2-438F-4AC8-8367-85F29FDCAE68}
	EndProjectSection
EndProject
Global
	GlobalSection(SolutionConfigurationPlatforms) = preSolution
		Debug|Any CPU = Debug|Any CPU
		Release|Any CPU = Release|Any CPU
	EndGlobalSection
	GlobalSection(ProjectConfigurationPlatforms) = postSolution
		{7BABB74D-67DD-4D62-8F0B-52CFDFF5D0FE}.Debug|Any CPU.ActiveCfg = Debug|Any CPU
		{7BABB74D-67DD-4D62-8F0B-52CFDFF5D0FE}.Debug|Any CPU.Build.0 = Debug|Any CPU
		{7BABB74D-67DD-4D62-8F0B-52CFDFF5D0FE}.Release|Any CPU.ActiveCfg = Release|Any CPU
		{7BABB74D-67DD-4D62-8F0B-52CFDFF5D0FE}.Release|Any CPU.Build.0 = Release|Any CPU
		{0BD610F5-9E9C-4121-9117-84CC8301DF12}.Debug|Any CPU.ActiveCfg = Debug|Any CPU
		{0BD610F5-9E9C-4121-9117-84CC8301DF12}.Debug|Any CPU.Build.0 = Debug|Any CPU
		{0BD610F5-9E9C-4121-9117-84CC8301DF12}.Release|Any CPU.ActiveCfg = Release|Any CPU
		{0BD610F5-9E9C-4121-9117-84CC8301DF12}.Release|Any CPU.Build.0 = Release|Any CPU
		{8E5D0944-0364-4EA0-A39C-078EC5FEFDE4}.Debug|Any CPU.ActiveCfg = Debug|Any CPU
		{8E5D0944-0364-4EA0-A39C-078EC5FEFDE4}.Debug|Any CPU.Build.0 = Debug|Any CPU
		{8E5D0944-0364-4EA0-A39C-078EC5FEFDE4}.Release|Any CPU.ActiveCfg = Release|Any CPU
		{8E5D0944-0364-4EA0-A39C-078EC5FEFDE4}.Release|Any CPU.Build.0 = Release|Any CPU
		{B1874117-40ED-41D1-B619-0BC6308CF052}.Debug|Any CPU.ActiveCfg = Debug|Any CPU
		{B1874117-40ED-41D1-B619-0BC6308CF052}.Debug|Any CPU.Build.0 = Debug|Any CPU
		{B1874117-40ED-41D1-B619-0BC6308CF052}.Debug|Any CPU.Deploy.0 = Debug|Any CPU
		{B1874117-40ED-41D1-B619-0BC6308CF052}.Release|Any CPU.ActiveCfg = Release|Any CPU
		{B1874117-40ED-41D1-B619-0BC6308CF052}.Release|Any CPU.Build.0 = Release|Any CPU
		{B1874117-40ED-41D1-B619-0BC6308CF052}.Release|Any CPU.Deploy.0 = Release|Any CPU
		{B571C5DC-EBDA-47A2-A245-246929232950}.Debug|Any CPU.ActiveCfg = Debug|Any CPU
		{B571C5DC-EBDA-47A2-A245-246929232950}.Debug|Any CPU.Build.0 = Debug|Any CPU
		{B571C5DC-EBDA-47A2-A245-246929232950}.Release|Any CPU.ActiveCfg = Release|Any CPU
		{B571C5DC-EBDA-47A2-A245-246929232950}.Release|Any CPU.Build.0 = Release|Any CPU
		{8D45F8E2-438F-4AC8-8367-85F29FDCAE68}.Debug|Any CPU.ActiveCfg = Debug|Any CPU
		{8D45F8E2-438F-4AC8-8367-85F29FDCAE68}.Debug|Any CPU.Build.0 = Debug|Any CPU
		{8D45F8E2-438F-4AC8-8367-85F29FDCAE68}.Release|Any CPU.ActiveCfg = Release|Any CPU
		{8D45F8E2-438F-4AC8-8367-85F29FDCAE68}.Release|Any CPU.Build.0 = Release|Any CPU
		{1B2D4567-3DCE-4FFE-953F-6EA3D4A63629}.Debug|Any CPU.ActiveCfg = Debug|Any CPU
		{1B2D4567-3DCE-4FFE-953F-6EA3D4A63629}.Debug|Any CPU.Build.0 = Debug|Any CPU
		{1B2D4567-3DCE-4FFE-953F-6EA3D4A63629}.Release|Any CPU.ActiveCfg = Release|Any CPU
		{1B2D4567-3DCE-4FFE-953F-6EA3D4A63629}.Release|Any CPU.Build.0 = Release|Any CPU
	EndGlobalSection
	GlobalSection(SolutionProperties) = preSolution
		HideSolutionNode = FALSE
	EndGlobalSection
	GlobalSection(ExtensibilityGlobals) = postSolution
		SolutionGuid = {1F1DE402-2520-4A55-9C81-5F85C3AE13C5}
	EndGlobalSection
EndGlobal
